// !$*UTF8*$!
{
	archiveVersion = 1;
	classes = {
	};
	objectVersion = 46;
	objects = {

/* Begin PBXBuildFile section */
		649BE2501E940953007E4DD5 /* main.html in Resources */ = {isa = PBXBuildFile; fileRef = 649BE24F1E940953007E4DD5 /* main.html */; };
		64A9AB751E9431F3001FD97F /* widget.html in Resources */ = {isa = PBXBuildFile; fileRef = 649BE2521E940968007E4DD5 /* widget.html */; };
		64B8FA301E93B68C00FEB08D /* AppDelegate.swift in Sources */ = {isa = PBXBuildFile; fileRef = 64B8FA2F1E93B68C00FEB08D /* AppDelegate.swift */; };
		64B8FA321E93B68C00FEB08D /* ViewController.swift in Sources */ = {isa = PBXBuildFile; fileRef = 64B8FA311E93B68C00FEB08D /* ViewController.swift */; };
		64B8FA351E93B68C00FEB08D /* Main.storyboard in Resources */ = {isa = PBXBuildFile; fileRef = 64B8FA331E93B68C00FEB08D /* Main.storyboard */; };
		64B8FA371E93B68C00FEB08D /* Assets.xcassets in Resources */ = {isa = PBXBuildFile; fileRef = 64B8FA361E93B68C00FEB08D /* Assets.xcassets */; };
		64B8FA3A1E93B68C00FEB08D /* LaunchScreen.storyboard in Resources */ = {isa = PBXBuildFile; fileRef = 64B8FA381E93B68C00FEB08D /* LaunchScreen.storyboard */; };
		64B8FA481E93C05E00FEB08D /* NotificationCenter.framework in Frameworks */ = {isa = PBXBuildFile; fileRef = 64B8FA471E93C05E00FEB08D /* NotificationCenter.framework */; };
		64B8FA4B1E93C05E00FEB08D /* TodayViewController.swift in Sources */ = {isa = PBXBuildFile; fileRef = 64B8FA4A1E93C05E00FEB08D /* TodayViewController.swift */; };
		64B8FA4E1E93C05E00FEB08D /* MainInterface.storyboard in Resources */ = {isa = PBXBuildFile; fileRef = 64B8FA4C1E93C05E00FEB08D /* MainInterface.storyboard */; };
		64B8FA521E93C05E00FEB08D /* Today Extension.appex in Embed App Extensions */ = {isa = PBXBuildFile; fileRef = 64B8FA451E93C05E00FEB08D /* Today Extension.appex */; settings = {ATTRIBUTES = (RemoveHeadersOnCopy, ); }; };
/* End PBXBuildFile section */

/* Begin PBXContainerItemProxy section */
		64B8FA501E93C05E00FEB08D /* PBXContainerItemProxy */ = {
			isa = PBXContainerItemProxy;
			containerPortal = 64B8FA241E93B68C00FEB08D /* Project object */;
			proxyType = 1;
			remoteGlobalIDString = 64B8FA441E93C05E00FEB08D;
			remoteInfo = "Today Extension";
		};
/* End PBXContainerItemProxy section */

/* Begin PBXCopyFilesBuildPhase section */
		64B8FA561E93C05E00FEB08D /* Embed App Extensions */ = {
			isa = PBXCopyFilesBuildPhase;
			buildActionMask = 2147483647;
			dstPath = "";
			dstSubfolderSpec = 13;
			files = (
				64B8FA521E93C05E00FEB08D /* Today Extension.appex in Embed App Extensions */,
			);
			name = "Embed App Extensions";
			runOnlyForDeploymentPostprocessing = 0;
		};
/* End PBXCopyFilesBuildPhase section */

/* Begin PBXFileReference section */
		649BE24F1E940953007E4DD5 /* main.html */ = {isa = PBXFileReference; fileEncoding = 4; lastKnownFileType = text.html; path = main.html; sourceTree = "<group>"; };
		649BE2521E940968007E4DD5 /* widget.html */ = {isa = PBXFileReference; fileEncoding = 4; lastKnownFileType = text.html; path = widget.html; sourceTree = "<group>"; };
		64B8FA2C1E93B68C00FEB08D /* Swift Today Extension Webview.app */ = {isa = PBXFileReference; explicitFileType = wrapper.application; includeInIndex = 0; path = "Swift Today Extension Webview.app"; sourceTree = BUILT_PRODUCTS_DIR; };
		64B8FA2F1E93B68C00FEB08D /* AppDelegate.swift */ = {isa = PBXFileReference; lastKnownFileType = sourcecode.swift; path = AppDelegate.swift; sourceTree = "<group>"; };
		64B8FA311E93B68C00FEB08D /* ViewController.swift */ = {isa = PBXFileReference; lastKnownFileType = sourcecode.swift; path = ViewController.swift; sourceTree = "<group>"; };
		64B8FA341E93B68C00FEB08D /* Base */ = {isa = PBXFileReference; lastKnownFileType = file.storyboard; name = Base; path = Base.lproj/Main.storyboard; sourceTree = "<group>"; };
		64B8FA361E93B68C00FEB08D /* Assets.xcassets */ = {isa = PBXFileReference; lastKnownFileType = folder.assetcatalog; path = Assets.xcassets; sourceTree = "<group>"; };
		64B8FA391E93B68C00FEB08D /* Base */ = {isa = PBXFileReference; lastKnownFileType = file.storyboard; name = Base; path = Base.lproj/LaunchScreen.storyboard; sourceTree = "<group>"; };
		64B8FA3B1E93B68C00FEB08D /* Info.plist */ = {isa = PBXFileReference; lastKnownFileType = text.plist.xml; path = Info.plist; sourceTree = "<group>"; };
		64B8FA451E93C05E00FEB08D /* Today Extension.appex */ = {isa = PBXFileReference; explicitFileType = "wrapper.app-extension"; includeInIndex = 0; path = "Today Extension.appex"; sourceTree = BUILT_PRODUCTS_DIR; };
		64B8FA471E93C05E00FEB08D /* NotificationCenter.framework */ = {isa = PBXFileReference; lastKnownFileType = wrapper.framework; name = NotificationCenter.framework; path = System/Library/Frameworks/NotificationCenter.framework; sourceTree = SDKROOT; };
		64B8FA4A1E93C05E00FEB08D /* TodayViewController.swift */ = {isa = PBXFileReference; lastKnownFileType = sourcecode.swift; path = TodayViewController.swift; sourceTree = "<group>"; };
		64B8FA4D1E93C05E00FEB08D /* Base */ = {isa = PBXFileReference; lastKnownFileType = file.storyboard; name = Base; path = Base.lproj/MainInterface.storyboard; sourceTree = "<group>"; };
		64B8FA4F1E93C05E00FEB08D /* Info.plist */ = {isa = PBXFileReference; lastKnownFileType = text.plist.xml; path = Info.plist; sourceTree = "<group>"; };
/* End PBXFileReference section */

/* Begin PBXFrameworksBuildPhase section */
		64B8FA291E93B68C00FEB08D /* Frameworks */ = {
			isa = PBXFrameworksBuildPhase;
			buildActionMask = 2147483647;
			files = (
			);
			runOnlyForDeploymentPostprocessing = 0;
		};
		64B8FA421E93C05E00FEB08D /* Frameworks */ = {
			isa = PBXFrameworksBuildPhase;
			buildActionMask = 2147483647;
			files = (
				64B8FA481E93C05E00FEB08D /* NotificationCenter.framework in Frameworks */,
			);
			runOnlyForDeploymentPostprocessing = 0;
		};
/* End PBXFrameworksBuildPhase section */

/* Begin PBXGroup section */
		64B8FA231E93B68C00FEB08D = {
			isa = PBXGroup;
			children = (
				649BE24F1E940953007E4DD5 /* main.html */,
				649BE2521E940968007E4DD5 /* widget.html */,
				64B8FA2E1E93B68C00FEB08D /* Swift Today Extension Webview */,
				64B8FA491E93C05E00FEB08D /* Today Extension */,
				64B8FA461E93C05E00FEB08D /* Frameworks */,
				64B8FA2D1E93B68C00FEB08D /* Products */,
			);
			sourceTree = "<group>";
		};
		64B8FA2D1E93B68C00FEB08D /* Products */ = {
			isa = PBXGroup;
			children = (
				64B8FA2C1E93B68C00FEB08D /* Swift Today Extension Webview.app */,
				64B8FA451E93C05E00FEB08D /* Today Extension.appex */,
			);
			name = Products;
			sourceTree = "<group>";
		};
		64B8FA2E1E93B68C00FEB08D /* Swift Today Extension Webview */ = {
			isa = PBXGroup;
			children = (
				64B8FA2F1E93B68C00FEB08D /* AppDelegate.swift */,
				64B8FA311E93B68C00FEB08D /* ViewController.swift */,
				64B8FA331E93B68C00FEB08D /* Main.storyboard */,
				64B8FA361E93B68C00FEB08D /* Assets.xcassets */,
				64B8FA381E93B68C00FEB08D /* LaunchScreen.storyboard */,
				64B8FA3B1E93B68C00FEB08D /* Info.plist */,
			);
			path = "Swift Today Extension Webview";
			sourceTree = "<group>";
		};
		64B8FA461E93C05E00FEB08D /* Frameworks */ = {
			isa = PBXGroup;
			children = (
				64B8FA471E93C05E00FEB08D /* NotificationCenter.framework */,
			);
			name = Frameworks;
			sourceTree = "<group>";
		};
		64B8FA491E93C05E00FEB08D /* Today Extension */ = {
			isa = PBXGroup;
			children = (
				64B8FA4A1E93C05E00FEB08D /* TodayViewController.swift */,
				64B8FA4C1E93C05E00FEB08D /* MainInterface.storyboard */,
				64B8FA4F1E93C05E00FEB08D /* Info.plist */,
			);
			path = "Today Extension";
			sourceTree = "<group>";
		};
/* End PBXGroup section */

/* Begin PBXNativeTarget section */
		64B8FA2B1E93B68C00FEB08D /* Swift Today Extension Webview */ = {
			isa = PBXNativeTarget;
			buildConfigurationList = 64B8FA3E1E93B68C00FEB08D /* Build configuration list for PBXNativeTarget "Swift Today Extension Webview" */;
			buildPhases = (
				64B8FA281E93B68C00FEB08D /* Sources */,
				64B8FA291E93B68C00FEB08D /* Frameworks */,
				64B8FA2A1E93B68C00FEB08D /* Resources */,
				64B8FA561E93C05E00FEB08D /* Embed App Extensions */,
			);
			buildRules = (
			);
			dependencies = (
				64B8FA511E93C05E00FEB08D /* PBXTargetDependency */,
			);
			name = "Swift Today Extension Webview";
			productName = "Swift Today Extension Webview";
			productReference = 64B8FA2C1E93B68C00FEB08D /* Swift Today Extension Webview.app */;
			productType = "com.apple.product-type.application";
		};
		64B8FA441E93C05E00FEB08D /* Today Extension */ = {
			isa = PBXNativeTarget;
			buildConfigurationList = 64B8FA531E93C05E00FEB08D /* Build configuration list for PBXNativeTarget "Today Extension" */;
			buildPhases = (
				64B8FA411E93C05E00FEB08D /* Sources */,
				64B8FA421E93C05E00FEB08D /* Frameworks */,
				64B8FA431E93C05E00FEB08D /* Resources */,
			);
			buildRules = (
			);
			dependencies = (
			);
			name = "Today Extension";
			productName = "Today Extension";
			productReference = 64B8FA451E93C05E00FEB08D /* Today Extension.appex */;
			productType = "com.apple.product-type.app-extension";
		};
/* End PBXNativeTarget section */

/* Begin PBXProject section */
		64B8FA241E93B68C00FEB08D /* Project object */ = {
			isa = PBXProject;
			attributes = {
				LastSwiftUpdateCheck = 0820;
				LastUpgradeCheck = 0820;
				ORGANIZATIONNAME = "Jan Piotrowski";
				TargetAttributes = {
					64B8FA2B1E93B68C00FEB08D = {
						CreatedOnToolsVersion = 8.2.1;
						DevelopmentTeam = 4Z338HBBX3;
						ProvisioningStyle = Automatic;
					};
					64B8FA441E93C05E00FEB08D = {
						CreatedOnToolsVersion = 8.2.1;
						DevelopmentTeam = 4Z338HBBX3;
						ProvisioningStyle = Automatic;
					};
				};
			};
			buildConfigurationList = 64B8FA271E93B68C00FEB08D /* Build configuration list for PBXProject "Swift Today Extension Webview" */;
			compatibilityVersion = "Xcode 3.2";
			developmentRegion = English;
			hasScannedForEncodings = 0;
			knownRegions = (
				en,
				Base,
			);
			mainGroup = 64B8FA231E93B68C00FEB08D;
			productRefGroup = 64B8FA2D1E93B68C00FEB08D /* Products */;
			projectDirPath = "";
			projectRoot = "";
			targets = (
				64B8FA2B1E93B68C00FEB08D /* Swift Today Extension Webview */,
				64B8FA441E93C05E00FEB08D /* Today Extension */,
			);
		};
/* End PBXProject section */

/* Begin PBXResourcesBuildPhase section */
		64B8FA2A1E93B68C00FEB08D /* Resources */ = {
			isa = PBXResourcesBuildPhase;
			buildActionMask = 2147483647;
			files = (
				64B8FA3A1E93B68C00FEB08D /* LaunchScreen.storyboard in Resources */,
				649BE2501E940953007E4DD5 /* main.html in Resources */,
				64B8FA371E93B68C00FEB08D /* Assets.xcassets in Resources */,
				64B8FA351E93B68C00FEB08D /* Main.storyboard in Resources */,
			);
			runOnlyForDeploymentPostprocessing = 0;
		};
		64B8FA431E93C05E00FEB08D /* Resources */ = {
			isa = PBXResourcesBuildPhase;
			buildActionMask = 2147483647;
			files = (
				64A9AB751E9431F3001FD97F /* widget.html in Resources */,
				64B8FA4E1E93C05E00FEB08D /* MainInterface.storyboard in Resources */,
			);
			runOnlyForDeploymentPostprocessing = 0;
		};
/* End PBXResourcesBuildPhase section */

/* Begin PBXSourcesBuildPhase section */
		64B8FA281E93B68C00FEB08D /* Sources */ = {
			isa = PBXSourcesBuildPhase;
			buildActionMask = 2147483647;
			files = (
				64B8FA321E93B68C00FEB08D /* ViewController.swift in Sources */,
				64B8FA301E93B68C00FEB08D /* AppDelegate.swift in Sources */,
			);
			runOnlyForDeploymentPostprocessing = 0;
		};
		64B8FA411E93C05E00FEB08D /* Sources */ = {
			isa = PBXSourcesBuildPhase;
			buildActionMask = 2147483647;
			files = (
				64B8FA4B1E93C05E00FEB08D /* TodayViewController.swift in Sources */,
			);
			runOnlyForDeploymentPostprocessing = 0;
		};
/* End PBXSourcesBuildPhase section */

/* Begin PBXTargetDependency section */
		64B8FA511E93C05E00FEB08D /* PBXTargetDependency */ = {
			isa = PBXTargetDependency;
			target = 64B8FA441E93C05E00FEB08D /* Today Extension */;
			targetProxy = 64B8FA501E93C05E00FEB08D /* PBXContainerItemProxy */;
		};
/* End PBXTargetDependency section */

/* Begin PBXVariantGroup section */
		64B8FA331E93B68C00FEB08D /* Main.storyboard */ = {
			isa = PBXVariantGroup;
			children = (
				64B8FA341E93B68C00FEB08D /* Base */,
			);
			name = Main.storyboard;
			sourceTree = "<group>";
		};
		64B8FA381E93B68C00FEB08D /* LaunchScreen.storyboard */ = {
			isa = PBXVariantGroup;
			children = (
				64B8FA391E93B68C00FEB08D /* Base */,
			);
			name = LaunchScreen.storyboard;
			sourceTree = "<group>";
		};
		64B8FA4C1E93C05E00FEB08D /* MainInterface.storyboard */ = {
			isa = PBXVariantGroup;
			children = (
				64B8FA4D1E93C05E00FEB08D /* Base */,
			);
			name = MainInterface.storyboard;
			sourceTree = "<group>";
		};
/* End PBXVariantGroup section */

/* Begin XCBuildConfiguration section */
		64B8FA3C1E93B68C00FEB08D /* Debug */ = {
			isa = XCBuildConfiguration;
			buildSettings = {
				ALWAYS_SEARCH_USER_PATHS = NO;
				CLANG_ANALYZER_NONNULL = YES;
				CLANG_CXX_LANGUAGE_STANDARD = "gnu++0x";
				CLANG_CXX_LIBRARY = "libc++";
				CLANG_ENABLE_MODULES = YES;
				CLANG_ENABLE_OBJC_ARC = YES;
				CLANG_WARN_BOOL_CONVERSION = YES;
				CLANG_WARN_CONSTANT_CONVERSION = YES;
				CLANG_WARN_DIRECT_OBJC_ISA_USAGE = YES_ERROR;
				CLANG_WARN_DOCUMENTATION_COMMENTS = YES;
				CLANG_WARN_EMPTY_BODY = YES;
				CLANG_WARN_ENUM_CONVERSION = YES;
				CLANG_WARN_INFINITE_RECURSION = YES;
				CLANG_WARN_INT_CONVERSION = YES;
				CLANG_WARN_OBJC_ROOT_CLASS = YES_ERROR;
				CLANG_WARN_SUSPICIOUS_MOVE = YES;
				CLANG_WARN_UNREACHABLE_CODE = YES;
				CLANG_WARN__DUPLICATE_METHOD_MATCH = YES;
				"CODE_SIGN_IDENTITY[sdk=iphoneos*]" = "iPhone Developer";
				COPY_PHASE_STRIP = NO;
				DEBUG_INFORMATION_FORMAT = dwarf;
				ENABLE_STRICT_OBJC_MSGSEND = YES;
				ENABLE_TESTABILITY = YES;
				GCC_C_LANGUAGE_STANDARD = gnu99;
				GCC_DYNAMIC_NO_PIC = NO;
				GCC_NO_COMMON_BLOCKS = YES;
				GCC_OPTIMIZATION_LEVEL = 0;
				GCC_PREPROCESSOR_DEFINITIONS = (
					"DEBUG=1",
					"$(inherited)",
				);
				GCC_WARN_64_TO_32_BIT_CONVERSION = YES;
				GCC_WARN_ABOUT_RETURN_TYPE = YES_ERROR;
				GCC_WARN_UNDECLARED_SELECTOR = YES;
				GCC_WARN_UNINITIALIZED_AUTOS = YES_AGGRESSIVE;
				GCC_WARN_UNUSED_FUNCTION = YES;
				GCC_WARN_UNUSED_VARIABLE = YES;
				IPHONEOS_DEPLOYMENT_TARGET = 10.2;
				MTL_ENABLE_DEBUG_INFO = YES;
				ONLY_ACTIVE_ARCH = YES;
				SDKROOT = iphoneos;
				SWIFT_ACTIVE_COMPILATION_CONDITIONS = DEBUG;
				SWIFT_OPTIMIZATION_LEVEL = "-Onone";
				TARGETED_DEVICE_FAMILY = "1,2";
			};
			name = Debug;
		};
		64B8FA3D1E93B68C00FEB08D /* Release */ = {
			isa = XCBuildConfiguration;
			buildSettings = {
				ALWAYS_SEARCH_USER_PATHS = NO;
				CLANG_ANALYZER_NONNULL = YES;
				CLANG_CXX_LANGUAGE_STANDARD = "gnu++0x";
				CLANG_CXX_LIBRARY = "libc++";
				CLANG_ENABLE_MODULES = YES;
				CLANG_ENABLE_OBJC_ARC = YES;
				CLANG_WARN_BOOL_CONVERSION = YES;
				CLANG_WARN_CONSTANT_CONVERSION = YES;
				CLANG_WARN_DIRECT_OBJC_ISA_USAGE = YES_ERROR;
				CLANG_WARN_DOCUMENTATION_COMMENTS = YES;
				CLANG_WARN_EMPTY_BODY = YES;
				CLANG_WARN_ENUM_CONVERSION = YES;
				CLANG_WARN_INFINITE_RECURSION = YES;
				CLANG_WARN_INT_CONVERSION = YES;
				CLANG_WARN_OBJC_ROOT_CLASS = YES_ERROR;
				CLANG_WARN_SUSPICIOUS_MOVE = YES;
				CLANG_WARN_UNREACHABLE_CODE = YES;
				CLANG_WARN__DUPLICATE_METHOD_MATCH = YES;
				"CODE_SIGN_IDENTITY[sdk=iphoneos*]" = "iPhone Developer";
				COPY_PHASE_STRIP = NO;
				DEBUG_INFORMATION_FORMAT = "dwarf-with-dsym";
				ENABLE_NS_ASSERTIONS = NO;
				ENABLE_STRICT_OBJC_MSGSEND = YES;
				GCC_C_LANGUAGE_STANDARD = gnu99;
				GCC_NO_COMMON_BLOCKS = YES;
				GCC_WARN_64_TO_32_BIT_CONVERSION = YES;
				GCC_WARN_ABOUT_RETURN_TYPE = YES_ERROR;
				GCC_WARN_UNDECLARED_SELECTOR = YES;
				GCC_WARN_UNINITIALIZED_AUTOS = YES_AGGRESSIVE;
				GCC_WARN_UNUSED_FUNCTION = YES;
				GCC_WARN_UNUSED_VARIABLE = YES;
				IPHONEOS_DEPLOYMENT_TARGET = 10.2;
				MTL_ENABLE_DEBUG_INFO = NO;
				SDKROOT = iphoneos;
				SWIFT_OPTIMIZATION_LEVEL = "-Owholemodule";
				TARGETED_DEVICE_FAMILY = "1,2";
				VALIDATE_PRODUCT = YES;
			};
			name = Release;
		};
		64B8FA3F1E93B68C00FEB08D /* Debug */ = {
			isa = XCBuildConfiguration;
			buildSettings = {
				ALWAYS_EMBED_SWIFT_STANDARD_LIBRARIES = YES;
				ASSETCATALOG_COMPILER_APPICON_NAME = AppIcon;
				DEVELOPMENT_TEAM = 4Z338HBBX3;
				INFOPLIST_FILE = "Swift Today Extension Webview/Info.plist";
				LD_RUNPATH_SEARCH_PATHS = "$(inherited) @executable_path/Frameworks";
				PRODUCT_BUNDLE_IDENTIFIER = "de.janpiotrowski.Swift-Today-Extension-Webview";
				PRODUCT_NAME = "$(TARGET_NAME)";
				SWIFT_VERSION = 3.0;
			};
			name = Debug;
		};
		64B8FA401E93B68C00FEB08D /* Release */ = {
			isa = XCBuildConfiguration;
			buildSettings = {
				ALWAYS_EMBED_SWIFT_STANDARD_LIBRARIES = YES;
				ASSETCATALOG_COMPILER_APPICON_NAME = AppIcon;
				DEVELOPMENT_TEAM = 4Z338HBBX3;
				INFOPLIST_FILE = "Swift Today Extension Webview/Info.plist";
				LD_RUNPATH_SEARCH_PATHS = "$(inherited) @executable_path/Frameworks";
				PRODUCT_BUNDLE_IDENTIFIER = "de.janpiotrowski.Swift-Today-Extension-Webview";
				PRODUCT_NAME = "$(TARGET_NAME)";
				SWIFT_VERSION = 3.0;
			};
			name = Release;
		};
		64B8FA541E93C05E00FEB08D /* Debug */ = {
			isa = XCBuildConfiguration;
			buildSettings = {
				DEVELOPMENT_TEAM = 4Z338HBBX3;
				INFOPLIST_FILE = "Today Extension/Info.plist";
				LD_RUNPATH_SEARCH_PATHS = "$(inherited) @executable_path/Frameworks @executable_path/../../Frameworks";
				PRODUCT_BUNDLE_IDENTIFIER = "de.janpiotrowski.Swift-Today-Extension-Webview.Today-Extension";
				PRODUCT_NAME = "$(TARGET_NAME)";
				SKIP_INSTALL = YES;
				SWIFT_VERSION = 3.0;
			};
			name = Debug;
		};
		64B8FA551E93C05E00FEB08D /* Release */ = {
			isa = XCBuildConfiguration;
			buildSettings = {
				DEVELOPMENT_TEAM = 4Z338HBBX3;
				INFOPLIST_FILE = "Today Extension/Info.plist";
				LD_RUNPATH_SEARCH_PATHS = "$(inherited) @executable_path/Frameworks @executable_path/../../Frameworks";
				PRODUCT_BUNDLE_IDENTIFIER = "de.janpiotrowski.Swift-Today-Extension-Webview.Today-Extension";
				PRODUCT_NAME = "$(TARGET_NAME)";
				SKIP_INSTALL = YES;
				SWIFT_VERSION = 3.0;
			};
			name = Release;
		};
/* End XCBuildConfiguration section */

/* Begin XCConfigurationList section */
		64B8FA271E93B68C00FEB08D /* Build configuration list for PBXProject "Swift Today Extension Webview" */ = {
			isa = XCConfigurationList;
			buildConfigurations = (
				64B8FA3C1E93B68C00FEB08D /* Debug */,
				64B8FA3D1E93B68C00FEB08D /* Release */,
			);
			defaultConfigurationIsVisible = 0;
			defaultConfigurationName = Release;
		};
		64B8FA3E1E93B68C00FEB08D /* Build configuration list for PBXNativeTarget "Swift Today Extension Webview" */ = {
			isa = XCConfigurationList;
			buildConfigurations = (
				64B8FA3F1E93B68C00FEB08D /* Debug */,
				64B8FA401E93B68C00FEB08D /* Release */,
			);
			defaultConfigurationIsVisible = 0;
			defaultConfigurationName = Release;
		};
		64B8FA531E93C05E00FEB08D /* Build configuration list for PBXNativeTarget "Today Extension" */ = {
			isa = XCConfigurationList;
			buildConfigurations = (
				64B8FA541E93C05E00FEB08D /* Debug */,
				64B8FA551E93C05E00FEB08D /* Release */,
			);
			defaultConfigurationIsVisible = 0;
			defaultConfigurationName = Release;
		};
/* End XCConfigurationList section */
	};
	rootObject = 64B8FA241E93B68C00FEB08D /* Project object */;
}
